
Microsoft Visual Studio Solution File, Format Version 12.00
# Visual Studio 15
VisualStudioVersion = 15.0.28307.106
MinimumVisualStudioVersion = 10.0.40219.1
Project("{FAE04EC0-301F-11D3-BF4B-00C04F79EFBC}") = "main", "main\main.csproj", "{FC792E40-24F1-4A3D-B5C8-B96EFA534B43}"
EndProject
Project("{FAE04EC0-301F-11D3-BF4B-00C04F79EFBC}") = "PairFinderGrounds", "PairFinderGrounds\PairFinderGrounds.csproj", "{C38E8F1C-6FC1-48FC-BA8F-978FABD85EEE}"
EndProject
Global
	GlobalSection(SolutionConfigurationPlatforms) = preSolution
		Debug|Any CPU = Debug|Any CPU
		Release|Any CPU = Release|Any CPU
	EndGlobalSection
	GlobalSection(ProjectConfigurationPlatforms) = postSolution
		{FC792E40-24F1-4A3D-B5C8-B96EFA534B43}.Debug|Any CPU.ActiveCfg = Debug|Any CPU
		{FC792E40-24F1-4A3D-B5C8-B96EFA534B43}.Debug|Any CPU.Build.0 = Debug|Any CPU
		{FC792E40-24F1-4A3D-B5C8-B96EFA534B43}.Release|Any CPU.ActiveCfg = Release|Any CPU
		{FC792E40-24F1-4A3D-B5C8-B96EFA534B43}.Release|Any CPU.Build.0 = Release|Any CPU
		{C38E8F1C-6FC1-48FC-BA8F-978FABD85EEE}.Debug|Any CPU.ActiveCfg = Debug|Any CPU
		{C38E8F1C-6FC1-48FC-BA8F-978FABD85EEE}.Debug|Any CPU.Build.0 = Debug|Any CPU
		{C38E8F1C-6FC1-48FC-BA8F-978FABD85EEE}.Release|Any CPU.ActiveCfg = Release|Any CPU
		{C38E8F1C-6FC1-48FC-BA8F-978FABD85EEE}.Release|Any CPU.Build.0 = Release|Any CPU
	EndGlobalSection
	GlobalSection(SolutionProperties) = preSolution
		HideSolutionNode = FALSE
	EndGlobalSection
	GlobalSection(ExtensibilityGlobals) = postSolution
		SolutionGuid = {03F4D913-B0E1-474E-9C7E-A824A0CE4367}
	EndGlobalSection
EndGlobal
